// !$*UTF8*$!
{
	archiveVersion = 1;
	classes = {
	};
	objectVersion = 46;
	objects = {

/* Begin PBXBuildFile section */
		6717FF431E8BF0550011FDFB /* FileController.cpp in Sources */ = {isa = PBXBuildFile; fileRef = 6717FF411E8BF0550011FDFB /* FileController.cpp */; };
		6717FF461E8BF45F0011FDFB /* CrimeData.cpp in Sources */ = {isa = PBXBuildFile; fileRef = 6717FF441E8BF45F0011FDFB /* CrimeData.cpp */; };
		677D1F071E671BED009C9B02 /* IntNode.cpp in Sources */ = {isa = PBXBuildFile; fileRef = 677D1F031E671BED009C9B02 /* IntNode.cpp */; };
		677D1F081E671BED009C9B02 /* IntNodeArray.cpp in Sources */ = {isa = PBXBuildFile; fileRef = 677D1F041E671BED009C9B02 /* IntNodeArray.cpp */; };
		677D1F091E671BED009C9B02 /* Timer.cpp in Sources */ = {isa = PBXBuildFile; fileRef = 677D1F061E671BED009C9B02 /* Timer.cpp */; };
		67EFB6BD1E51FCEE004183E4 /* DataStructureController.cpp in Sources */ = {isa = PBXBuildFile; fileRef = 67EFB6BA1E51FCEE004183E4 /* DataStructureController.cpp */; };
		67EFB6BE1E51FCEE004183E4 /* NodeRunner.cpp in Sources */ = {isa = PBXBuildFile; fileRef = 67EFB6BC1E51FCEE004183E4 /* NodeRunner.cpp */; };
		67F3F3ED1E76DA5700F9CF8B /* Meme.cpp in Sources */ = {isa = PBXBuildFile; fileRef = 67F3F3EB1E76DA5700F9CF8B /* Meme.cpp */; };
/* End PBXBuildFile section */

/* Begin PBXCopyFilesBuildPhase section */
		67F011641E48D40B00802D11 /* CopyFiles */ = {
			isa = PBXCopyFilesBuildPhase;
			buildActionMask = 2147483647;
			dstPath = /usr/share/man/man1/;
			dstSubfolderSpec = 0;
			files = (
			);
			runOnlyForDeploymentPostprocessing = 1;
		};
/* End PBXCopyFilesBuildPhase section */

/* Begin PBXFileReference section */
		670665661E5CA3D900A9CC9C /* List.hpp */ = {isa = PBXFileReference; lastKnownFileType = sourcecode.cpp.h; name = List.hpp; path = Mega/Model/List.hpp; sourceTree = "<group>"; };
		6717FF411E8BF0550011FDFB /* FileController.cpp */ = {isa = PBXFileReference; fileEncoding = 4; lastKnownFileType = sourcecode.cpp.cpp; name = FileController.cpp; path = Mega/Controller/FileController.cpp; sourceTree = "<group>"; };
		6717FF421E8BF0550011FDFB /* FileController.hpp */ = {isa = PBXFileReference; fileEncoding = 4; lastKnownFileType = sourcecode.cpp.h; name = FileController.hpp; path = Mega/Controller/FileController.hpp; sourceTree = "<group>"; };
		6717FF441E8BF45F0011FDFB /* CrimeData.cpp */ = {isa = PBXFileReference; fileEncoding = 4; lastKnownFileType = sourcecode.cpp.cpp; name = CrimeData.cpp; path = Mega/Model/CrimeData.cpp; sourceTree = "<group>"; };
		6717FF451E8BF45F0011FDFB /* CrimeData.hpp */ = {isa = PBXFileReference; fileEncoding = 4; lastKnownFileType = sourcecode.cpp.h; name = CrimeData.hpp; path = Mega/Model/CrimeData.hpp; sourceTree = "<group>"; };
		671B60361EA7B16200EB5AB9 /* AVLTree.h */ = {isa = PBXFileReference; lastKnownFileType = sourcecode.c.h; name = AVLTree.h; path = Mega/Model/AVLTree.h; sourceTree = "<group>"; };
		6742540E1E54AAB2009E9002 /* Array.hpp */ = {isa = PBXFileReference; lastKnownFileType = sourcecode.cpp.h; name = Array.hpp; path = Mega/Model/Array.hpp; sourceTree = "<group>"; };
		674254101E54B231009E9002 /* Timer.hpp */ = {isa = PBXFileReference; fileEncoding = 4; lastKnownFileType = sourcecode.cpp.h; name = Timer.hpp; path = Mega/Model/Timer.hpp; sourceTree = "<group>"; };
		6771A8DD1E9D1F150042EF44 /* BinaryTreeNode.hpp */ = {isa = PBXFileReference; lastKnownFileType = sourcecode.cpp.h; name = BinaryTreeNode.hpp; path = Mega/Model/BinaryTreeNode.hpp; sourceTree = "<group>"; };
		6771A8DE1E9D1F240042EF44 /* BinarySearchTreeNode.hpp */ = {isa = PBXFileReference; lastKnownFileType = sourcecode.cpp.h; name = BinarySearchTreeNode.hpp; path = Mega/Model/BinarySearchTreeNode.hpp; sourceTree = "<group>"; };
		6771A8E11E9D25F10042EF44 /* BTree.h */ = {isa = PBXFileReference; lastKnownFileType = sourcecode.c.h; name = BTree.h; path = Mega/Model/BTree.h; sourceTree = "<group>"; };
		6771A8E21E9D26010042EF44 /* BinarySearchTree.h */ = {isa = PBXFileReference; lastKnownFileType = sourcecode.c.h; name = BinarySearchTree.h; path = Mega/Model/BinarySearchTree.h; sourceTree = "<group>"; };
		677D1F031E671BED009C9B02 /* IntNode.cpp */ = {isa = PBXFileReference; fileEncoding = 4; lastKnownFileType = sourcecode.cpp.cpp; name = IntNode.cpp; path = Mega/Model/IntNode.cpp; sourceTree = "<group>"; };
		677D1F041E671BED009C9B02 /* IntNodeArray.cpp */ = {isa = PBXFileReference; fileEncoding = 4; lastKnownFileType = sourcecode.cpp.cpp; name = IntNodeArray.cpp; path = Mega/Model/IntNodeArray.cpp; sourceTree = "<group>"; };
		677D1F051E671BED009C9B02 /* IntNodeArray.hpp */ = {isa = PBXFileReference; fileEncoding = 4; lastKnownFileType = sourcecode.cpp.h; name = IntNodeArray.hpp; path = Mega/Model/IntNodeArray.hpp; sourceTree = "<group>"; };
		677D1F061E671BED009C9B02 /* Timer.cpp */ = {isa = PBXFileReference; fileEncoding = 4; lastKnownFileType = sourcecode.cpp.cpp; name = Timer.cpp; path = Mega/Model/Timer.cpp; sourceTree = "<group>"; };
		677D1F0A1E67286F009C9B02 /* DoublyLinkedList.hpp */ = {isa = PBXFileReference; lastKnownFileType = sourcecode.cpp.h; name = DoublyLinkedList.hpp; path = Mega/Model/DoublyLinkedList.hpp; sourceTree = "<group>"; };
		677D1F0B1E672EAB009C9B02 /* Stack.hpp */ = {isa = PBXFileReference; lastKnownFileType = sourcecode.cpp.h; name = Stack.hpp; path = Mega/Model/Stack.hpp; sourceTree = "<group>"; };
		6781A0CF1EC1FD5F001CD0E2 /* Graph.h */ = {isa = PBXFileReference; lastKnownFileType = sourcecode.c.h; name = Graph.h; path = Mega/Model/Graph.h; sourceTree = "<group>"; };
		67825BC81E69C8FF0085FE6C /* CircularList.hpp */ = {isa = PBXFileReference; lastKnownFileType = sourcecode.cpp.h; name = CircularList.hpp; path = Mega/Model/CircularList.hpp; sourceTree = "<group>"; };
		67825BC91E69C9220085FE6C /* Queue.hpp */ = {isa = PBXFileReference; lastKnownFileType = sourcecode.cpp.h; name = Queue.hpp; path = Mega/Model/Queue.hpp; sourceTree = "<group>"; };
		67825BCA1E69C9630085FE6C /* DoubleList.hpp */ = {isa = PBXFileReference; lastKnownFileType = sourcecode.cpp.h; name = DoubleList.hpp; path = Mega/Model/DoubleList.hpp; sourceTree = "<group>"; };
		678D6A6C1EB77A8500B5C1A0 /* HashTable.h */ = {isa = PBXFileReference; lastKnownFileType = sourcecode.c.h; name = HashTable.h; path = Mega/Model/HashTable.h; sourceTree = "<group>"; };
		678D6A6E1EB784D500B5C1A0 /* HashNode.h */ = {isa = PBXFileReference; lastKnownFileType = sourcecode.c.h; name = HashNode.h; path = Mega/Model/HashNode.h; sourceTree = "<group>"; };
		67D577321EA4FC970072CCFC /* Tree.h */ = {isa = PBXFileReference; fileEncoding = 4; lastKnownFileType = sourcecode.c.h; name = Tree.h; path = Mega/Model/Tree.h; sourceTree = "<group>"; };
		67EFB6BA1E51FCEE004183E4 /* DataStructureController.cpp */ = {isa = PBXFileReference; fileEncoding = 4; lastKnownFileType = sourcecode.cpp.cpp; name = DataStructureController.cpp; path = Mega/Controller/DataStructureController.cpp; sourceTree = "<group>"; };
		67EFB6BB1E51FCEE004183E4 /* DataStructureController.hpp */ = {isa = PBXFileReference; fileEncoding = 4; lastKnownFileType = sourcecode.cpp.h; name = DataStructureController.hpp; path = Mega/Controller/DataStructureController.hpp; sourceTree = "<group>"; };
		67EFB6BC1E51FCEE004183E4 /* NodeRunner.cpp */ = {isa = PBXFileReference; fileEncoding = 4; lastKnownFileType = sourcecode.cpp.cpp; name = NodeRunner.cpp; path = Mega/Controller/NodeRunner.cpp; sourceTree = "<group>"; };
		67EFB6C31E5208D9004183E4 /* Node.hpp */ = {isa = PBXFileReference; lastKnownFileType = sourcecode.cpp.h; name = Node.hpp; path = Mega/Model/Node.hpp; sourceTree = "<group>"; };
		67F011661E48D40B00802D11 /* Mega */ = {isa = PBXFileReference; explicitFileType = "compiled.mach-o.executable"; includeInIndex = 0; path = Mega; sourceTree = BUILT_PRODUCTS_DIR; };
		67F011751E48D5E300802D11 /* IntNode.hpp */ = {isa = PBXFileReference; fileEncoding = 4; lastKnownFileType = sourcecode.cpp.h; name = IntNode.hpp; path = Mega/Model/IntNode.hpp; sourceTree = "<group>"; };
		67F3F3EB1E76DA5700F9CF8B /* Meme.cpp */ = {isa = PBXFileReference; fileEncoding = 4; lastKnownFileType = sourcecode.cpp.cpp; name = Meme.cpp; path = Mega/Model/Meme.cpp; sourceTree = "<group>"; };
		67F3F3EC1E76DA5700F9CF8B /* Meme.hpp */ = {isa = PBXFileReference; fileEncoding = 4; lastKnownFileType = sourcecode.cpp.h; name = Meme.hpp; path = Mega/Model/Meme.hpp; sourceTree = "<group>"; };
		67F55B311E648D19003560CD /* BiDirectionalNode.hpp */ = {isa = PBXFileReference; lastKnownFileType = sourcecode.cpp.h; name = BiDirectionalNode.hpp; path = Mega/Model/BiDirectionalNode.hpp; sourceTree = "<group>"; };
/* End PBXFileReference section */

/* Begin PBXFrameworksBuildPhase section */
		67F011631E48D40B00802D11 /* Frameworks */ = {
			isa = PBXFrameworksBuildPhase;
			buildActionMask = 2147483647;
			files = (
			);
			runOnlyForDeploymentPostprocessing = 0;
		};
/* End PBXFrameworksBuildPhase section */

/* Begin PBXGroup section */
		6717FF471E8BF4640011FDFB /* crime stats */ = {
			isa = PBXGroup;
			children = (
				6717FF441E8BF45F0011FDFB /* CrimeData.cpp */,
				6717FF451E8BF45F0011FDFB /* CrimeData.hpp */,
			);
			name = "crime stats";
			sourceTree = "<group>";
		};
		6717FF481E8BF48C0011FDFB /* Meme group */ = {
			isa = PBXGroup;
			children = (
				67F3F3EB1E76DA5700F9CF8B /* Meme.cpp */,
				67F3F3EC1E76DA5700F9CF8B /* Meme.hpp */,
			);
			name = "Meme group";
			sourceTree = "<group>";
		};
		6717FF491E8BF4B60011FDFB /* Basic arrays and lists */ = {
			isa = PBXGroup;
			children = (
				6742540E1E54AAB2009E9002 /* Array.hpp */,
				670665661E5CA3D900A9CC9C /* List.hpp */,
				677D1F0A1E67286F009C9B02 /* DoublyLinkedList.hpp */,
			);
			name = "Basic arrays and lists";
			sourceTree = "<group>";
		};
		6771A8DC1E9D1EF50042EF44 /* Nodes */ = {
			isa = PBXGroup;
			children = (
				67EFB6C31E5208D9004183E4 /* Node.hpp */,
				67F55B311E648D19003560CD /* BiDirectionalNode.hpp */,
				6771A8DD1E9D1F150042EF44 /* BinaryTreeNode.hpp */,
				6771A8DE1E9D1F240042EF44 /* BinarySearchTreeNode.hpp */,
			);
			name = Nodes;
			sourceTree = "<group>";
		};
		6771A8E01E9D25D60042EF44 /* Trees */ = {
			isa = PBXGroup;
			children = (
				67D577321EA4FC970072CCFC /* Tree.h */,
				6771A8E11E9D25F10042EF44 /* BTree.h */,
				6771A8E21E9D26010042EF44 /* BinarySearchTree.h */,
				671B60361EA7B16200EB5AB9 /* AVLTree.h */,
			);
			name = Trees;
			sourceTree = "<group>";
		};
		677D1F0C1E672EB5009C9B02 /* Inherits from doublylinked */ = {
			isa = PBXGroup;
			children = (
				677D1F0B1E672EAB009C9B02 /* Stack.hpp */,
				67825BC91E69C9220085FE6C /* Queue.hpp */,
				67825BC81E69C8FF0085FE6C /* CircularList.hpp */,
				67825BCA1E69C9630085FE6C /* DoubleList.hpp */,
			);
			name = "Inherits from doublylinked";
			sourceTree = "<group>";
		};
		677D1F0D1E672EC2009C9B02 /* old hpp */ = {
			isa = PBXGroup;
			children = (
				677D1F031E671BED009C9B02 /* IntNode.cpp */,
				677D1F041E671BED009C9B02 /* IntNodeArray.cpp */,
				677D1F061E671BED009C9B02 /* Timer.cpp */,
				674254101E54B231009E9002 /* Timer.hpp */,
				677D1F051E671BED009C9B02 /* IntNodeArray.hpp */,
				67F011751E48D5E300802D11 /* IntNode.hpp */,
			);
			name = "old hpp";
			sourceTree = "<group>";
		};
		678D6A6D1EB784C400B5C1A0 /* HashTable */ = {
			isa = PBXGroup;
			children = (
				678D6A6C1EB77A8500B5C1A0 /* HashTable.h */,
				678D6A6E1EB784D500B5C1A0 /* HashNode.h */,
			);
			name = HashTable;
			sourceTree = "<group>";
		};
		67EFB6BF1E51FCF5004183E4 /* Controller */ = {
			isa = PBXGroup;
			children = (
				67EFB6BB1E51FCEE004183E4 /* DataStructureController.hpp */,
				67EFB6BA1E51FCEE004183E4 /* DataStructureController.cpp */,
				67EFB6BC1E51FCEE004183E4 /* NodeRunner.cpp */,
				6717FF411E8BF0550011FDFB /* FileController.cpp */,
				6717FF421E8BF0550011FDFB /* FileController.hpp */,
			);
			name = Controller;
			sourceTree = "<group>";
		};
		67F0115D1E48D40B00802D11 = {
			isa = PBXGroup;
			children = (
				67F011731E48D58D00802D11 /* Mega */,
				67F011671E48D40B00802D11 /* Products */,
				67EFB6BF1E51FCF5004183E4 /* Controller */,
			);
			sourceTree = "<group>";
		};
		67F011671E48D40B00802D11 /* Products */ = {
			isa = PBXGroup;
			children = (
				67F011661E48D40B00802D11 /* Mega */,
			);
			name = Products;
			sourceTree = "<group>";
		};
		67F011731E48D58D00802D11 /* Mega */ = {
			isa = PBXGroup;
			children = (
				67F011771E48D5EC00802D11 /* Model */,
			);
			name = Mega;
			sourceTree = "<group>";
		};
		67F011771E48D5EC00802D11 /* Model */ = {
			isa = PBXGroup;
			children = (
				6771A8E01E9D25D60042EF44 /* Trees */,
				6771A8DC1E9D1EF50042EF44 /* Nodes */,
				6717FF481E8BF48C0011FDFB /* Meme group */,
				6717FF471E8BF4640011FDFB /* crime stats */,
				677D1F0C1E672EB5009C9B02 /* Inherits from doublylinked */,
				6717FF491E8BF4B60011FDFB /* Basic arrays and lists */,
				677D1F0D1E672EC2009C9B02 /* old hpp */,
				678D6A6D1EB784C400B5C1A0 /* HashTable */,
				6781A0CF1EC1FD5F001CD0E2 /* Graph.h */,
			);
			name = Model;
			sourceTree = "<group>";
		};
/* End PBXGroup section */

/* Begin PBXNativeTarget section */
		67F011651E48D40B00802D11 /* Mega */ = {
			isa = PBXNativeTarget;
			buildConfigurationList = 67F0116D1E48D40B00802D11 /* Build configuration list for PBXNativeTarget "Mega" */;
			buildPhases = (
				67F011621E48D40B00802D11 /* Sources */,
				67F011631E48D40B00802D11 /* Frameworks */,
				67F011641E48D40B00802D11 /* CopyFiles */,
			);
			buildRules = (
			);
			dependencies = (
			);
			name = Mega;
			productName = Mega;
			productReference = 67F011661E48D40B00802D11 /* Mega */;
			productType = "com.apple.product-type.tool";
		};
/* End PBXNativeTarget section */

/* Begin PBXProject section */
		67F0115E1E48D40B00802D11 /* Project object */ = {
			isa = PBXProject;
			attributes = {
				LastUpgradeCheck = 0810;
				ORGANIZATIONNAME = CTEC;
				TargetAttributes = {
					67F011651E48D40B00802D11 = {
						CreatedOnToolsVersion = 8.1;
						ProvisioningStyle = Automatic;
					};
				};
			};
			buildConfigurationList = 67F011611E48D40B00802D11 /* Build configuration list for PBXProject "Mega" */;
			compatibilityVersion = "Xcode 3.2";
			developmentRegion = English;
			hasScannedForEncodings = 0;
			knownRegions = (
				en,
			);
			mainGroup = 67F0115D1E48D40B00802D11;
			productRefGroup = 67F011671E48D40B00802D11 /* Products */;
			projectDirPath = "";
			projectRoot = "";
			targets = (
				67F011651E48D40B00802D11 /* Mega */,
			);
		};
/* End PBXProject section */

/* Begin PBXSourcesBuildPhase section */
		67F011621E48D40B00802D11 /* Sources */ = {
			isa = PBXSourcesBuildPhase;
			buildActionMask = 2147483647;
			files = (
				6717FF461E8BF45F0011FDFB /* CrimeData.cpp in Sources */,
				677D1F071E671BED009C9B02 /* IntNode.cpp in Sources */,
				677D1F081E671BED009C9B02 /* IntNodeArray.cpp in Sources */,
				67EFB6BD1E51FCEE004183E4 /* DataStructureController.cpp in Sources */,
				67F3F3ED1E76DA5700F9CF8B /* Meme.cpp in Sources */,
				677D1F091E671BED009C9B02 /* Timer.cpp in Sources */,
				6717FF431E8BF0550011FDFB /* FileController.cpp in Sources */,
				67EFB6BE1E51FCEE004183E4 /* NodeRunner.cpp in Sources */,
			);
			runOnlyForDeploymentPostprocessing = 0;
		};
/* End PBXSourcesBuildPhase section */

/* Begin XCBuildConfiguration section */
		67F0116B1E48D40B00802D11 /* Debug */ = {
			isa = XCBuildConfiguration;
			buildSettings = {
				ALWAYS_SEARCH_USER_PATHS = NO;
				CLANG_ANALYZER_NONNULL = YES;
				CLANG_CXX_LANGUAGE_STANDARD = "gnu++0x";
				CLANG_CXX_LIBRARY = "libc++";
				CLANG_ENABLE_MODULES = YES;
				CLANG_ENABLE_OBJC_ARC = YES;
				CLANG_WARN_BOOL_CONVERSION = YES;
				CLANG_WARN_CONSTANT_CONVERSION = YES;
				CLANG_WARN_DIRECT_OBJC_ISA_USAGE = YES_ERROR;
				CLANG_WARN_DOCUMENTATION_COMMENTS = YES;
				CLANG_WARN_EMPTY_BODY = YES;
				CLANG_WARN_ENUM_CONVERSION = YES;
				CLANG_WARN_INFINITE_RECURSION = YES;
				CLANG_WARN_INT_CONVERSION = YES;
				CLANG_WARN_OBJC_ROOT_CLASS = YES_ERROR;
				CLANG_WARN_SUSPICIOUS_MOVES = YES;
				CLANG_WARN_UNREACHABLE_CODE = YES;
				CLANG_WARN__DUPLICATE_METHOD_MATCH = YES;
				CODE_SIGN_IDENTITY = "-";
				COPY_PHASE_STRIP = NO;
				DEBUG_INFORMATION_FORMAT = dwarf;
				ENABLE_STRICT_OBJC_MSGSEND = YES;
				ENABLE_TESTABILITY = YES;
				GCC_C_LANGUAGE_STANDARD = gnu99;
				GCC_DYNAMIC_NO_PIC = NO;
				GCC_NO_COMMON_BLOCKS = YES;
				GCC_OPTIMIZATION_LEVEL = 0;
				GCC_PREPROCESSOR_DEFINITIONS = (
					"DEBUG=1",
					"$(inherited)",
				);
				GCC_WARN_64_TO_32_BIT_CONVERSION = YES;
				GCC_WARN_ABOUT_RETURN_TYPE = YES_ERROR;
				GCC_WARN_UNDECLARED_SELECTOR = YES;
				GCC_WARN_UNINITIALIZED_AUTOS = YES_AGGRESSIVE;
				GCC_WARN_UNUSED_FUNCTION = YES;
				GCC_WARN_UNUSED_VARIABLE = YES;
				MACOSX_DEPLOYMENT_TARGET = 10.11;
				MTL_ENABLE_DEBUG_INFO = YES;
				ONLY_ACTIVE_ARCH = YES;
				SDKROOT = macosx;
			};
			name = Debug;
		};
		67F0116C1E48D40B00802D11 /* Release */ = {
			isa = XCBuildConfiguration;
			buildSettings = {
				ALWAYS_SEARCH_USER_PATHS = NO;
				CLANG_ANALYZER_NONNULL = YES;
				CLANG_CXX_LANGUAGE_STANDARD = "gnu++0x";
				CLANG_CXX_LIBRARY = "libc++";
				CLANG_ENABLE_MODULES = YES;
				CLANG_ENABLE_OBJC_ARC = YES;
				CLANG_WARN_BOOL_CONVERSION = YES;
				CLANG_WARN_CONSTANT_CONVERSION = YES;
				CLANG_WARN_DIRECT_OBJC_ISA_USAGE = YES_ERROR;
				CLANG_WARN_DOCUMENTATION_COMMENTS = YES;
				CLANG_WARN_EMPTY_BODY = YES;
				CLANG_WARN_ENUM_CONVERSION = YES;
				CLANG_WARN_INFINITE_RECURSION = YES;
				CLANG_WARN_INT_CONVERSION = YES;
				CLANG_WARN_OBJC_ROOT_CLASS = YES_ERROR;
				CLANG_WARN_SUSPICIOUS_MOVES = YES;
				CLANG_WARN_UNREACHABLE_CODE = YES;
				CLANG_WARN__DUPLICATE_METHOD_MATCH = YES;
				CODE_SIGN_IDENTITY = "-";
				COPY_PHASE_STRIP = NO;
				DEBUG_INFORMATION_FORMAT = "dwarf-with-dsym";
				ENABLE_NS_ASSERTIONS = NO;
				ENABLE_STRICT_OBJC_MSGSEND = YES;
				GCC_C_LANGUAGE_STANDARD = gnu99;
				GCC_NO_COMMON_BLOCKS = YES;
				GCC_WARN_64_TO_32_BIT_CONVERSION = YES;
				GCC_WARN_ABOUT_RETURN_TYPE = YES_ERROR;
				GCC_WARN_UNDECLARED_SELECTOR = YES;
				GCC_WARN_UNINITIALIZED_AUTOS = YES_AGGRESSIVE;
				GCC_WARN_UNUSED_FUNCTION = YES;
				GCC_WARN_UNUSED_VARIABLE = YES;
				MACOSX_DEPLOYMENT_TARGET = 10.11;
				MTL_ENABLE_DEBUG_INFO = NO;
				SDKROOT = macosx;
			};
			name = Release;
		};
		67F0116E1E48D40B00802D11 /* Debug */ = {
			isa = XCBuildConfiguration;
			buildSettings = {
				PRODUCT_NAME = "$(TARGET_NAME)";
			};
			name = Debug;
		};
		67F0116F1E48D40B00802D11 /* Release */ = {
			isa = XCBuildConfiguration;
			buildSettings = {
				PRODUCT_NAME = "$(TARGET_NAME)";
			};
			name = Release;
		};
/* End XCBuildConfiguration section */

/* Begin XCConfigurationList section */
		67F011611E48D40B00802D11 /* Build configuration list for PBXProject "Mega" */ = {
			isa = XCConfigurationList;
			buildConfigurations = (
				67F0116B1E48D40B00802D11 /* Debug */,
				67F0116C1E48D40B00802D11 /* Release */,
			);
			defaultConfigurationIsVisible = 0;
			defaultConfigurationName = Release;
		};
		67F0116D1E48D40B00802D11 /* Build configuration list for PBXNativeTarget "Mega" */ = {
			isa = XCConfigurationList;
			buildConfigurations = (
				67F0116E1E48D40B00802D11 /* Debug */,
				67F0116F1E48D40B00802D11 /* Release */,
			);
			defaultConfigurationIsVisible = 0;
			defaultConfigurationName = Release;
		};
/* End XCConfigurationList section */
	};
	rootObject = 67F0115E1E48D40B00802D11 /* Project object */;
}
